
Microsoft Visual Studio Solution File, Format Version 12.00
# Visual Studio Version 16
VisualStudioVersion = 25.0.1706.5
MinimumVisualStudioVersion = 10.0.40219.1
Project("{2150E333-8FDC-42A3-9474-1A3956D46DE8}") = "Domain", "Domain", "{D673912E-C7C5-48F3-A909-A98177A03BE8}"
EndProject
Project("{2150E333-8FDC-42A3-9474-1A3956D46DE8}") = "Application", "Application", "{C3994F06-41CF-468A-BB87-A3540F20E3EE}"
EndProject
Project("{2150E333-8FDC-42A3-9474-1A3956D46DE8}") = "Infra", "Infra", "{B8A66CCE-2476-404B-B4BD-3DFE697DBF08}"
EndProject
Project("{2150E333-8FDC-42A3-9474-1A3956D46DE8}") = "Api", "Api", "{2DC6CC78-4E48-4475-82DF-7AFD921D7183}"
EndProject
Project("{FAE04EC0-301F-11D3-BF4B-00C04F79EFBC}") = "HostingService.Application", "HostingService.Application\HostingService.Application.csproj", "{928242EF-0F6B-4D58-9AEF-C767B1B36044}"
EndProject
Project("{FAE04EC0-301F-11D3-BF4B-00C04F79EFBC}") = "HostingService.Domain", "HostingService.Domain\HostingService.Domain.csproj", "{B15B2C28-FF63-4EE3-9516-6B51096C1AB9}"
EndProject
Project("{2150E333-8FDC-42A3-9474-1A3956D46DE8}") = "Shared", "Shared", "{C597CF04-C204-43AB-9B9F-7B7A7232D288}"
EndProject
Project("{FAE04EC0-301F-11D3-BF4B-00C04F79EFBC}") = "HostingService.Shared", "HostingService.Shared\HostingService.Shared.csproj", "{4029C61D-E1CC-44CD-ADF1-99E652E3E022}"
EndProject
Project("{FAE04EC0-301F-11D3-BF4B-00C04F79EFBC}") = "HostingService.Infra", "HostingService.Infra\HostingService.Infra.csproj", "{4C91A03D-8898-4984-8705-DE610C2B3FCA}"
EndProject
Project("{FAE04EC0-301F-11D3-BF4B-00C04F79EFBC}") = "HostingService.Api", "HostingService.Api\HostingService.Api.csproj", "{0A25A0C3-570B-4959-A660-00B4ABB602D8}"
EndProject
Global
	GlobalSection(SolutionConfigurationPlatforms) = preSolution
		Debug|Any CPU = Debug|Any CPU
		Release|Any CPU = Release|Any CPU
	EndGlobalSection
	GlobalSection(ProjectConfigurationPlatforms) = postSolution
		{928242EF-0F6B-4D58-9AEF-C767B1B36044}.Debug|Any CPU.ActiveCfg = Debug|Any CPU
		{928242EF-0F6B-4D58-9AEF-C767B1B36044}.Debug|Any CPU.Build.0 = Debug|Any CPU
		{928242EF-0F6B-4D58-9AEF-C767B1B36044}.Release|Any CPU.ActiveCfg = Release|Any CPU
		{928242EF-0F6B-4D58-9AEF-C767B1B36044}.Release|Any CPU.Build.0 = Release|Any CPU
		{B15B2C28-FF63-4EE3-9516-6B51096C1AB9}.Debug|Any CPU.ActiveCfg = Debug|Any CPU
		{B15B2C28-FF63-4EE3-9516-6B51096C1AB9}.Debug|Any CPU.Build.0 = Debug|Any CPU
		{B15B2C28-FF63-4EE3-9516-6B51096C1AB9}.Release|Any CPU.ActiveCfg = Release|Any CPU
		{B15B2C28-FF63-4EE3-9516-6B51096C1AB9}.Release|Any CPU.Build.0 = Release|Any CPU
		{4029C61D-E1CC-44CD-ADF1-99E652E3E022}.Debug|Any CPU.ActiveCfg = Debug|Any CPU
		{4029C61D-E1CC-44CD-ADF1-99E652E3E022}.Debug|Any CPU.Build.0 = Debug|Any CPU
		{4029C61D-E1CC-44CD-ADF1-99E652E3E022}.Release|Any CPU.ActiveCfg = Release|Any CPU
		{4029C61D-E1CC-44CD-ADF1-99E652E3E022}.Release|Any CPU.Build.0 = Release|Any CPU
		{4C91A03D-8898-4984-8705-DE610C2B3FCA}.Debug|Any CPU.ActiveCfg = Debug|Any CPU
		{4C91A03D-8898-4984-8705-DE610C2B3FCA}.Debug|Any CPU.Build.0 = Debug|Any CPU
		{4C91A03D-8898-4984-8705-DE610C2B3FCA}.Release|Any CPU.ActiveCfg = Release|Any CPU
		{4C91A03D-8898-4984-8705-DE610C2B3FCA}.Release|Any CPU.Build.0 = Release|Any CPU
		{0A25A0C3-570B-4959-A660-00B4ABB602D8}.Debug|Any CPU.ActiveCfg = Debug|Any CPU
		{0A25A0C3-570B-4959-A660-00B4ABB602D8}.Debug|Any CPU.Build.0 = Debug|Any CPU
		{0A25A0C3-570B-4959-A660-00B4ABB602D8}.Release|Any CPU.ActiveCfg = Release|Any CPU
		{0A25A0C3-570B-4959-A660-00B4ABB602D8}.Release|Any CPU.Build.0 = Release|Any CPU
	EndGlobalSection
	GlobalSection(SolutionProperties) = preSolution
		HideSolutionNode = FALSE
	EndGlobalSection
	GlobalSection(ExtensibilityGlobals) = postSolution
		SolutionGuid = {36A743FB-FE9C-4088-94EA-845693D3270C}
	EndGlobalSection
	GlobalSection(NestedProjects) = preSolution
		{928242EF-0F6B-4D58-9AEF-C767B1B36044} = {C3994F06-41CF-468A-BB87-A3540F20E3EE}
		{B15B2C28-FF63-4EE3-9516-6B51096C1AB9} = {D673912E-C7C5-48F3-A909-A98177A03BE8}
		{4029C61D-E1CC-44CD-ADF1-99E652E3E022} = {C597CF04-C204-43AB-9B9F-7B7A7232D288}
		{4C91A03D-8898-4984-8705-DE610C2B3FCA} = {B8A66CCE-2476-404B-B4BD-3DFE697DBF08}
		{0A25A0C3-570B-4959-A660-00B4ABB602D8} = {2DC6CC78-4E48-4475-82DF-7AFD921D7183}
	EndGlobalSection
EndGlobal
